
Microsoft Visual Studio Solution File, Format Version 12.00
# Visual Studio Version 17
VisualStudioVersion = 17.14.36429.23 d17.14
MinimumVisualStudioVersion = 10.0.40219.1
Project("{FAE04EC0-301F-11D3-BF4B-00C04F79EFBC}") = "Sh0pDB", "Sh0pDB.csproj", "{2BD1F674-7F8E-45E5-A861-22EBE0618AF6}"
EndProject
Project("{FAE04EC0-301F-11D3-BF4B-00C04F79EFBC}") = "DBInterface", "..\DBInterface\DBInterface.csproj", "{BBA36956-5729-4FCF-BDB3-B574568AF900}"
EndProject
Global
	GlobalSection(SolutionConfigurationPlatforms) = preSolution
		Debug|Any CPU = Debug|Any CPU
		Release|Any CPU = Release|Any CPU
	EndGlobalSection
	GlobalSection(ProjectConfigurationPlatforms) = postSolution
		{2BD1F674-7F8E-45E5-A861-22EBE0618AF6}.Debug|Any CPU.ActiveCfg = Debug|Any CPU
		{2BD1F674-7F8E-45E5-A861-22EBE0618AF6}.Debug|Any CPU.Build.0 = Debug|Any CPU
		{2BD1F674-7F8E-45E5-A861-22EBE0618AF6}.Release|Any CPU.ActiveCfg = Release|Any CPU
		{2BD1F674-7F8E-45E5-A861-22EBE0618AF6}.Release|Any CPU.Build.0 = Release|Any CPU
		{BBA36956-5729-4FCF-BDB3-B574568AF900}.Debug|Any CPU.ActiveCfg = Debug|Any CPU
		{BBA36956-5729-4FCF-BDB3-B574568AF900}.Debug|Any CPU.Build.0 = Debug|Any CPU
		{BBA36956-5729-4FCF-BDB3-B574568AF900}.Release|Any CPU.ActiveCfg = Release|Any CPU
		{BBA36956-5729-4FCF-BDB3-B574568AF900}.Release|Any CPU.Build.0 = Release|Any CPU
	EndGlobalSection
	GlobalSection(SolutionProperties) = preSolution
		HideSolutionNode = FALSE
	EndGlobalSection
	GlobalSection(ExtensibilityGlobals) = postSolution
		SolutionGuid = {DC8F5D11-7190-452B-A9C7-7139B8A30FB4}
	EndGlobalSection
EndGlobal
